// !$*UTF8*$!
{
	archiveVersion = 1;
	classes = {
	};
	objectVersion = 50;
	objects = {

/* Begin PBXBuildFile section */
		A10246A12370B167009DF0E0 /* AppDelegate.swift in Sources */ = {isa = PBXBuildFile; fileRef = A10246A02370B167009DF0E0 /* AppDelegate.swift */; };
		A10246A32370B167009DF0E0 /* SceneDelegate.swift in Sources */ = {isa = PBXBuildFile; fileRef = A10246A22370B167009DF0E0 /* SceneDelegate.swift */; };
		A10246A52370B167009DF0E0 /* ContentView.swift in Sources */ = {isa = PBXBuildFile; fileRef = A10246A42370B167009DF0E0 /* ContentView.swift */; };
		A10246A72370B168009DF0E0 /* Assets.xcassets in Resources */ = {isa = PBXBuildFile; fileRef = A10246A62370B168009DF0E0 /* Assets.xcassets */; };
		A10246AA2370B168009DF0E0 /* Preview Assets.xcassets in Resources */ = {isa = PBXBuildFile; fileRef = A10246A92370B168009DF0E0 /* Preview Assets.xcassets */; };
		A10246AD2370B168009DF0E0 /* LaunchScreen.storyboard in Resources */ = {isa = PBXBuildFile; fileRef = A10246AB2370B168009DF0E0 /* LaunchScreen.storyboard */; };
		A10246B62370B1B2009DF0E0 /* meetupGroups.json in Resources */ = {isa = PBXBuildFile; fileRef = A10246B52370B1B2009DF0E0 /* meetupGroups.json */; };
		A10246DC2370BB5B009DF0E0 /* Group.swift in Sources */ = {isa = PBXBuildFile; fileRef = A10246DB2370BB5B009DF0E0 /* Group.swift */; };
		A10246DE2370BB75009DF0E0 /* GroupRow.swift in Sources */ = {isa = PBXBuildFile; fileRef = A10246DD2370BB75009DF0E0 /* GroupRow.swift */; };
		A10246E02370BB87009DF0E0 /* GroupsView.swift in Sources */ = {isa = PBXBuildFile; fileRef = A10246DF2370BB87009DF0E0 /* GroupsView.swift */; };
		A10246E22370BB95009DF0E0 /* GroupsList.swift in Sources */ = {isa = PBXBuildFile; fileRef = A10246E12370BB95009DF0E0 /* GroupsList.swift */; };
		A10246E42370C006009DF0E0 /* EventRow.swift in Sources */ = {isa = PBXBuildFile; fileRef = A10246E32370C006009DF0E0 /* EventRow.swift */; };
		A10246E62370C00E009DF0E0 /* EventsList.swift in Sources */ = {isa = PBXBuildFile; fileRef = A10246E52370C00E009DF0E0 /* EventsList.swift */; };
		A10246E82370C02D009DF0E0 /* Event.swift in Sources */ = {isa = PBXBuildFile; fileRef = A10246E72370C02D009DF0E0 /* Event.swift */; };
		A10246EA2370C041009DF0E0 /* EventsView.swift in Sources */ = {isa = PBXBuildFile; fileRef = A10246E92370C041009DF0E0 /* EventsView.swift */; };
		A10246EC2370C605009DF0E0 /* GroupDetail.swift in Sources */ = {isa = PBXBuildFile; fileRef = A10246EB2370C605009DF0E0 /* GroupDetail.swift */; };
		A10246EE2370C66A009DF0E0 /* EventDetail.swift in Sources */ = {isa = PBXBuildFile; fileRef = A10246ED2370C66A009DF0E0 /* EventDetail.swift */; };
		A1EF01862373F93A00509700 /* Data.swift in Sources */ = {isa = PBXBuildFile; fileRef = A1EF01852373F93A00509700 /* Data.swift */; };
/* End PBXBuildFile section */

/* Begin PBXFileReference section */
		A102469D2370B167009DF0E0 /* Untitled Events App.app */ = {isa = PBXFileReference; explicitFileType = wrapper.application; includeInIndex = 0; path = "Untitled Events App.app"; sourceTree = BUILT_PRODUCTS_DIR; };
		A10246A02370B167009DF0E0 /* AppDelegate.swift */ = {isa = PBXFileReference; lastKnownFileType = sourcecode.swift; path = AppDelegate.swift; sourceTree = "<group>"; };
		A10246A22370B167009DF0E0 /* SceneDelegate.swift */ = {isa = PBXFileReference; lastKnownFileType = sourcecode.swift; path = SceneDelegate.swift; sourceTree = "<group>"; };
		A10246A42370B167009DF0E0 /* ContentView.swift */ = {isa = PBXFileReference; lastKnownFileType = sourcecode.swift; path = ContentView.swift; sourceTree = "<group>"; };
		A10246A62370B168009DF0E0 /* Assets.xcassets */ = {isa = PBXFileReference; lastKnownFileType = folder.assetcatalog; path = Assets.xcassets; sourceTree = "<group>"; };
		A10246A92370B168009DF0E0 /* Preview Assets.xcassets */ = {isa = PBXFileReference; lastKnownFileType = folder.assetcatalog; path = "Preview Assets.xcassets"; sourceTree = "<group>"; };
		A10246AC2370B168009DF0E0 /* Base */ = {isa = PBXFileReference; lastKnownFileType = file.storyboard; name = Base; path = Base.lproj/LaunchScreen.storyboard; sourceTree = "<group>"; };
		A10246AE2370B168009DF0E0 /* Info.plist */ = {isa = PBXFileReference; lastKnownFileType = text.plist.xml; path = Info.plist; sourceTree = "<group>"; };
		A10246B52370B1B2009DF0E0 /* meetupGroups.json */ = {isa = PBXFileReference; lastKnownFileType = text.json; path = meetupGroups.json; sourceTree = "<group>"; };
		A10246DB2370BB5B009DF0E0 /* Group.swift */ = {isa = PBXFileReference; lastKnownFileType = sourcecode.swift; path = Group.swift; sourceTree = "<group>"; };
		A10246DD2370BB75009DF0E0 /* GroupRow.swift */ = {isa = PBXFileReference; lastKnownFileType = sourcecode.swift; path = GroupRow.swift; sourceTree = "<group>"; };
		A10246DF2370BB87009DF0E0 /* GroupsView.swift */ = {isa = PBXFileReference; lastKnownFileType = sourcecode.swift; path = GroupsView.swift; sourceTree = "<group>"; };
		A10246E12370BB95009DF0E0 /* GroupsList.swift */ = {isa = PBXFileReference; lastKnownFileType = sourcecode.swift; path = GroupsList.swift; sourceTree = "<group>"; };
		A10246E32370C006009DF0E0 /* EventRow.swift */ = {isa = PBXFileReference; lastKnownFileType = sourcecode.swift; path = EventRow.swift; sourceTree = "<group>"; };
		A10246E52370C00E009DF0E0 /* EventsList.swift */ = {isa = PBXFileReference; lastKnownFileType = sourcecode.swift; path = EventsList.swift; sourceTree = "<group>"; };
		A10246E72370C02D009DF0E0 /* Event.swift */ = {isa = PBXFileReference; lastKnownFileType = sourcecode.swift; path = Event.swift; sourceTree = "<group>"; };
		A10246E92370C041009DF0E0 /* EventsView.swift */ = {isa = PBXFileReference; lastKnownFileType = sourcecode.swift; path = EventsView.swift; sourceTree = "<group>"; };
		A10246EB2370C605009DF0E0 /* GroupDetail.swift */ = {isa = PBXFileReference; lastKnownFileType = sourcecode.swift; path = GroupDetail.swift; sourceTree = "<group>"; };
		A10246ED2370C66A009DF0E0 /* EventDetail.swift */ = {isa = PBXFileReference; lastKnownFileType = sourcecode.swift; path = EventDetail.swift; sourceTree = "<group>"; };
		A10246EF2370C967009DF0E0 /* Untitled Events App.entitlements */ = {isa = PBXFileReference; lastKnownFileType = text.plist.entitlements; path = "Untitled Events App.entitlements"; sourceTree = "<group>"; };
		A1EF01852373F93A00509700 /* Data.swift */ = {isa = PBXFileReference; lastKnownFileType = sourcecode.swift; path = Data.swift; sourceTree = "<group>"; };
/* End PBXFileReference section */

/* Begin PBXFrameworksBuildPhase section */
		A102469A2370B167009DF0E0 /* Frameworks */ = {
			isa = PBXFrameworksBuildPhase;
			buildActionMask = 2147483647;
			files = (
			);
			runOnlyForDeploymentPostprocessing = 0;
		};
/* End PBXFrameworksBuildPhase section */

/* Begin PBXGroup section */
		A10246942370B167009DF0E0 = {
			isa = PBXGroup;
			children = (
				A102469F2370B167009DF0E0 /* Untitled Events App */,
				A102469E2370B167009DF0E0 /* Products */,
			);
			sourceTree = "<group>";
		};
		A102469E2370B167009DF0E0 /* Products */ = {
			isa = PBXGroup;
			children = (
				A102469D2370B167009DF0E0 /* Untitled Events App.app */,
			);
			name = Products;
			sourceTree = "<group>";
		};
		A102469F2370B167009DF0E0 /* Untitled Events App */ = {
			isa = PBXGroup;
			children = (
				A10246EF2370C967009DF0E0 /* Untitled Events App.entitlements */,
				A10246AE2370B168009DF0E0 /* Info.plist */,
				A10246A02370B167009DF0E0 /* AppDelegate.swift */,
				A10246A42370B167009DF0E0 /* ContentView.swift */,
				A1EF01852373F93A00509700 /* Data.swift */,
				A10246A22370B167009DF0E0 /* SceneDelegate.swift */,
				A10246A62370B168009DF0E0 /* Assets.xcassets */,
				A1EF01872373F9E600509700 /* Events */,
				A1EF01892373FA0600509700 /* Groups */,
				A10246AB2370B168009DF0E0 /* LaunchScreen.storyboard */,
				A1EF01882373F9F600509700 /* Models */,
				A10246A82370B168009DF0E0 /* Preview Content */,
				A10246B42370B199009DF0E0 /* Resources */,
			);
			path = "Untitled Events App";
			sourceTree = "<group>";
		};
		A10246A82370B168009DF0E0 /* Preview Content */ = {
			isa = PBXGroup;
			children = (
				A10246A92370B168009DF0E0 /* Preview Assets.xcassets */,
			);
			path = "Preview Content";
			sourceTree = "<group>";
		};
		A10246B42370B199009DF0E0 /* Resources */ = {
			isa = PBXGroup;
			children = (
				A10246B52370B1B2009DF0E0 /* meetupGroups.json */,
			);
			path = Resources;
			sourceTree = "<group>";
		};
		A1EF01872373F9E600509700 /* Events */ = {
			isa = PBXGroup;
			children = (
				A10246ED2370C66A009DF0E0 /* EventDetail.swift */,
				A10246E32370C006009DF0E0 /* EventRow.swift */,
				A10246E52370C00E009DF0E0 /* EventsList.swift */,
				A10246E92370C041009DF0E0 /* EventsView.swift */,
			);
			path = Events;
			sourceTree = "<group>";
		};
		A1EF01882373F9F600509700 /* Models */ = {
			isa = PBXGroup;
			children = (
				A10246E72370C02D009DF0E0 /* Event.swift */,
				A10246DB2370BB5B009DF0E0 /* Group.swift */,
			);
			path = Models;
			sourceTree = "<group>";
		};
		A1EF01892373FA0600509700 /* Groups */ = {
			isa = PBXGroup;
			children = (
				A10246EB2370C605009DF0E0 /* GroupDetail.swift */,
				A10246DD2370BB75009DF0E0 /* GroupRow.swift */,
				A10246E12370BB95009DF0E0 /* GroupsList.swift */,
				A10246DF2370BB87009DF0E0 /* GroupsView.swift */,
			);
			path = Groups;
			sourceTree = "<group>";
		};
/* End PBXGroup section */

/* Begin PBXNativeTarget section */
		A102469C2370B167009DF0E0 /* Untitled Events App */ = {
			isa = PBXNativeTarget;
			buildConfigurationList = A10246B12370B168009DF0E0 /* Build configuration list for PBXNativeTarget "Untitled Events App" */;
			buildPhases = (
				A10246992370B167009DF0E0 /* Sources */,
				A102469A2370B167009DF0E0 /* Frameworks */,
				A102469B2370B167009DF0E0 /* Resources */,
			);
			buildRules = (
			);
			dependencies = (
			);
			name = "Untitled Events App";
			productName = "Untitled Events App";
			productReference = A102469D2370B167009DF0E0 /* Untitled Events App.app */;
			productType = "com.apple.product-type.application";
		};
/* End PBXNativeTarget section */

/* Begin PBXProject section */
		A10246952370B167009DF0E0 /* Project object */ = {
			isa = PBXProject;
			attributes = {
				LastSwiftUpdateCheck = 1120;
				LastUpgradeCheck = 1120;
				ORGANIZATIONNAME = "Louis Tsai";
				TargetAttributes = {
					A102469C2370B167009DF0E0 = {
						CreatedOnToolsVersion = 11.2;
					};
				};
			};
			buildConfigurationList = A10246982370B167009DF0E0 /* Build configuration list for PBXProject "Untitled Events App" */;
			compatibilityVersion = "Xcode 9.3";
			developmentRegion = en;
			hasScannedForEncodings = 0;
			knownRegions = (
				en,
				Base,
			);
			mainGroup = A10246942370B167009DF0E0;
			productRefGroup = A102469E2370B167009DF0E0 /* Products */;
			projectDirPath = "";
			projectRoot = "";
			targets = (
				A102469C2370B167009DF0E0 /* Untitled Events App */,
			);
		};
/* End PBXProject section */

/* Begin PBXResourcesBuildPhase section */
		A102469B2370B167009DF0E0 /* Resources */ = {
			isa = PBXResourcesBuildPhase;
			buildActionMask = 2147483647;
			files = (
				A10246AD2370B168009DF0E0 /* LaunchScreen.storyboard in Resources */,
				A10246B62370B1B2009DF0E0 /* meetupGroups.json in Resources */,
				A10246AA2370B168009DF0E0 /* Preview Assets.xcassets in Resources */,
				A10246A72370B168009DF0E0 /* Assets.xcassets in Resources */,
			);
			runOnlyForDeploymentPostprocessing = 0;
		};
/* End PBXResourcesBuildPhase section */

/* Begin PBXSourcesBuildPhase section */
		A10246992370B167009DF0E0 /* Sources */ = {
			isa = PBXSourcesBuildPhase;
			buildActionMask = 2147483647;
			files = (
				A10246E02370BB87009DF0E0 /* GroupsView.swift in Sources */,
				A10246EE2370C66A009DF0E0 /* EventDetail.swift in Sources */,
				A10246E22370BB95009DF0E0 /* GroupsList.swift in Sources */,
				A10246DE2370BB75009DF0E0 /* GroupRow.swift in Sources */,
				A10246A12370B167009DF0E0 /* AppDelegate.swift in Sources */,
				A10246EC2370C605009DF0E0 /* GroupDetail.swift in Sources */,
				A10246E82370C02D009DF0E0 /* Event.swift in Sources */,
				A1EF01862373F93A00509700 /* Data.swift in Sources */,
				A10246A32370B167009DF0E0 /* SceneDelegate.swift in Sources */,
				A10246A52370B167009DF0E0 /* ContentView.swift in Sources */,
				A10246DC2370BB5B009DF0E0 /* Group.swift in Sources */,
				A10246E62370C00E009DF0E0 /* EventsList.swift in Sources */,
				A10246EA2370C041009DF0E0 /* EventsView.swift in Sources */,
				A10246E42370C006009DF0E0 /* EventRow.swift in Sources */,
			);
			runOnlyForDeploymentPostprocessing = 0;
		};
/* End PBXSourcesBuildPhase section */

/* Begin PBXVariantGroup section */
		A10246AB2370B168009DF0E0 /* LaunchScreen.storyboard */ = {
			isa = PBXVariantGroup;
			children = (
				A10246AC2370B168009DF0E0 /* Base */,
			);
			name = LaunchScreen.storyboard;
			sourceTree = "<group>";
		};
/* End PBXVariantGroup section */

/* Begin XCBuildConfiguration section */
		A10246AF2370B168009DF0E0 /* Debug */ = {
			isa = XCBuildConfiguration;
			buildSettings = {
				ALWAYS_SEARCH_USER_PATHS = NO;
				CLANG_ANALYZER_NONNULL = YES;
				CLANG_ANALYZER_NUMBER_OBJECT_CONVERSION = YES_AGGRESSIVE;
				CLANG_CXX_LANGUAGE_STANDARD = "gnu++14";
				CLANG_CXX_LIBRARY = "libc++";
				CLANG_ENABLE_MODULES = YES;
				CLANG_ENABLE_OBJC_ARC = YES;
				CLANG_ENABLE_OBJC_WEAK = YES;
				CLANG_WARN_BLOCK_CAPTURE_AUTORELEASING = YES;
				CLANG_WARN_BOOL_CONVERSION = YES;
				CLANG_WARN_COMMA = YES;
				CLANG_WARN_CONSTANT_CONVERSION = YES;
				CLANG_WARN_DEPRECATED_OBJC_IMPLEMENTATIONS = YES;
				CLANG_WARN_DIRECT_OBJC_ISA_USAGE = YES_ERROR;
				CLANG_WARN_DOCUMENTATION_COMMENTS = YES;
				CLANG_WARN_EMPTY_BODY = YES;
				CLANG_WARN_ENUM_CONVERSION = YES;
				CLANG_WARN_INFINITE_RECURSION = YES;
				CLANG_WARN_INT_CONVERSION = YES;
				CLANG_WARN_NON_LITERAL_NULL_CONVERSION = YES;
				CLANG_WARN_OBJC_IMPLICIT_RETAIN_SELF = YES;
				CLANG_WARN_OBJC_LITERAL_CONVERSION = YES;
				CLANG_WARN_OBJC_ROOT_CLASS = YES_ERROR;
				CLANG_WARN_RANGE_LOOP_ANALYSIS = YES;
				CLANG_WARN_STRICT_PROTOTYPES = YES;
				CLANG_WARN_SUSPICIOUS_MOVE = YES;
				CLANG_WARN_UNGUARDED_AVAILABILITY = YES_AGGRESSIVE;
				CLANG_WARN_UNREACHABLE_CODE = YES;
				CLANG_WARN__DUPLICATE_METHOD_MATCH = YES;
				COPY_PHASE_STRIP = NO;
				DEBUG_INFORMATION_FORMAT = dwarf;
				ENABLE_STRICT_OBJC_MSGSEND = YES;
				ENABLE_TESTABILITY = YES;
				GCC_C_LANGUAGE_STANDARD = gnu11;
				GCC_DYNAMIC_NO_PIC = NO;
				GCC_NO_COMMON_BLOCKS = YES;
				GCC_OPTIMIZATION_LEVEL = 0;
				GCC_PREPROCESSOR_DEFINITIONS = (
					"DEBUG=1",
					"$(inherited)",
				);
				GCC_WARN_64_TO_32_BIT_CONVERSION = YES;
				GCC_WARN_ABOUT_RETURN_TYPE = YES_ERROR;
				GCC_WARN_UNDECLARED_SELECTOR = YES;
				GCC_WARN_UNINITIALIZED_AUTOS = YES_AGGRESSIVE;
				GCC_WARN_UNUSED_FUNCTION = YES;
				GCC_WARN_UNUSED_VARIABLE = YES;
				IPHONEOS_DEPLOYMENT_TARGET = 13.2;
				MTL_ENABLE_DEBUG_INFO = INCLUDE_SOURCE;
				MTL_FAST_MATH = YES;
				ONLY_ACTIVE_ARCH = YES;
				SDKROOT = iphoneos;
				SWIFT_ACTIVE_COMPILATION_CONDITIONS = DEBUG;
				SWIFT_OPTIMIZATION_LEVEL = "-Onone";
			};
			name = Debug;
		};
		A10246B02370B168009DF0E0 /* Release */ = {
			isa = XCBuildConfiguration;
			buildSettings = {
				ALWAYS_SEARCH_USER_PATHS = NO;
				CLANG_ANALYZER_NONNULL = YES;
				CLANG_ANALYZER_NUMBER_OBJECT_CONVERSION = YES_AGGRESSIVE;
				CLANG_CXX_LANGUAGE_STANDARD = "gnu++14";
				CLANG_CXX_LIBRARY = "libc++";
				CLANG_ENABLE_MODULES = YES;
				CLANG_ENABLE_OBJC_ARC = YES;
				CLANG_ENABLE_OBJC_WEAK = YES;
				CLANG_WARN_BLOCK_CAPTURE_AUTORELEASING = YES;
				CLANG_WARN_BOOL_CONVERSION = YES;
				CLANG_WARN_COMMA = YES;
				CLANG_WARN_CONSTANT_CONVERSION = YES;
				CLANG_WARN_DEPRECATED_OBJC_IMPLEMENTATIONS = YES;
				CLANG_WARN_DIRECT_OBJC_ISA_USAGE = YES_ERROR;
				CLANG_WARN_DOCUMENTATION_COMMENTS = YES;
				CLANG_WARN_EMPTY_BODY = YES;
				CLANG_WARN_ENUM_CONVERSION = YES;
				CLANG_WARN_INFINITE_RECURSION = YES;
				CLANG_WARN_INT_CONVERSION = YES;
				CLANG_WARN_NON_LITERAL_NULL_CONVERSION = YES;
				CLANG_WARN_OBJC_IMPLICIT_RETAIN_SELF = YES;
				CLANG_WARN_OBJC_LITERAL_CONVERSION = YES;
				CLANG_WARN_OBJC_ROOT_CLASS = YES_ERROR;
				CLANG_WARN_RANGE_LOOP_ANALYSIS = YES;
				CLANG_WARN_STRICT_PROTOTYPES = YES;
				CLANG_WARN_SUSPICIOUS_MOVE = YES;
				CLANG_WARN_UNGUARDED_AVAILABILITY = YES_AGGRESSIVE;
				CLANG_WARN_UNREACHABLE_CODE = YES;
				CLANG_WARN__DUPLICATE_METHOD_MATCH = YES;
				COPY_PHASE_STRIP = NO;
				DEBUG_INFORMATION_FORMAT = "dwarf-with-dsym";
				ENABLE_NS_ASSERTIONS = NO;
				ENABLE_STRICT_OBJC_MSGSEND = YES;
				GCC_C_LANGUAGE_STANDARD = gnu11;
				GCC_NO_COMMON_BLOCKS = YES;
				GCC_WARN_64_TO_32_BIT_CONVERSION = YES;
				GCC_WARN_ABOUT_RETURN_TYPE = YES_ERROR;
				GCC_WARN_UNDECLARED_SELECTOR = YES;
				GCC_WARN_UNINITIALIZED_AUTOS = YES_AGGRESSIVE;
				GCC_WARN_UNUSED_FUNCTION = YES;
				GCC_WARN_UNUSED_VARIABLE = YES;
				IPHONEOS_DEPLOYMENT_TARGET = 13.2;
				MTL_ENABLE_DEBUG_INFO = NO;
				MTL_FAST_MATH = YES;
				SDKROOT = iphoneos;
				SWIFT_COMPILATION_MODE = wholemodule;
				SWIFT_OPTIMIZATION_LEVEL = "-O";
				VALIDATE_PRODUCT = YES;
			};
			name = Release;
		};
		A10246B22370B168009DF0E0 /* Debug */ = {
			isa = XCBuildConfiguration;
			buildSettings = {
				ASSETCATALOG_COMPILER_APPICON_NAME = AppIcon;
				CODE_SIGN_ENTITLEMENTS = "Untitled Events App/Untitled Events App.entitlements";
				CODE_SIGN_STYLE = Automatic;
				DERIVE_MACCATALYST_PRODUCT_BUNDLE_IDENTIFIER = YES;
				DEVELOPMENT_ASSET_PATHS = "\"Untitled Events App/Preview Content\"";
				DEVELOPMENT_TEAM = F4TL4LM96Q;
				ENABLE_PREVIEWS = YES;
				INFOPLIST_FILE = "Untitled Events App/Info.plist";
				LD_RUNPATH_SEARCH_PATHS = (
					"$(inherited)",
					"@executable_path/Frameworks",
				);
				PRODUCT_BUNDLE_IDENTIFIER = "io.github.louistsaitszho.Untitled-Events-App";
				PRODUCT_NAME = "$(TARGET_NAME)";
				SUPPORTS_MACCATALYST = YES;
				SWIFT_VERSION = 5.0;
				TARGETED_DEVICE_FAMILY = "1,2";
			};
			name = Debug;
		};
		A10246B32370B168009DF0E0 /* Release */ = {
			isa = XCBuildConfiguration;
			buildSettings = {
				ASSETCATALOG_COMPILER_APPICON_NAME = AppIcon;
				CODE_SIGN_ENTITLEMENTS = "Untitled Events App/Untitled Events App.entitlements";
				CODE_SIGN_STYLE = Automatic;
				DERIVE_MACCATALYST_PRODUCT_BUNDLE_IDENTIFIER = YES;
				DEVELOPMENT_ASSET_PATHS = "\"Untitled Events App/Preview Content\"";
				DEVELOPMENT_TEAM = F4TL4LM96Q;
				ENABLE_PREVIEWS = YES;
				INFOPLIST_FILE = "Untitled Events App/Info.plist";
				LD_RUNPATH_SEARCH_PATHS = (
					"$(inherited)",
					"@executable_path/Frameworks",
				);
				PRODUCT_BUNDLE_IDENTIFIER = "io.github.louistsaitszho.Untitled-Events-App";
				PRODUCT_NAME = "$(TARGET_NAME)";
				SUPPORTS_MACCATALYST = YES;
				SWIFT_VERSION = 5.0;
				TARGETED_DEVICE_FAMILY = "1,2";
			};
			name = Release;
		};
/* End XCBuildConfiguration section */

/* Begin XCConfigurationList section */
		A10246982370B167009DF0E0 /* Build configuration list for PBXProject "Untitled Events App" */ = {
			isa = XCConfigurationList;
			buildConfigurations = (
				A10246AF2370B168009DF0E0 /* Debug */,
				A10246B02370B168009DF0E0 /* Release */,
			);
			defaultConfigurationIsVisible = 0;
			defaultConfigurationName = Release;
		};
		A10246B12370B168009DF0E0 /* Build configuration list for PBXNativeTarget "Untitled Events App" */ = {
			isa = XCConfigurationList;
			buildConfigurations = (
				A10246B22370B168009DF0E0 /* Debug */,
				A10246B32370B168009DF0E0 /* Release */,
			);
			defaultConfigurationIsVisible = 0;
			defaultConfigurationName = Release;
		};
/* End XCConfigurationList section */
	};
	rootObject = A10246952370B167009DF0E0 /* Project object */;
}
